# THIS IS AN AUTOGENERATED FILE. DO NOT EDIT THIS FILE DIRECTLY.
# yarn lockfile v1


"@playwright/test@^1.52.0":
  version "1.60.0"
  resolved "https://registry.yarnpkg.com/@playwright/test/-/test-1.60.0.tgz#e696c31427e8882851235cd556dc2490c3206d97"
  integrity sha512-O71yZIbAh/PxDMNGns37GHBIfrVkEVyn+AXyIa5dOTfb4/xNvRWV+Vv/NMbNCtODB/pO7vLlF2OTmMVLhmr7Ag==
  dependencies:
    playwright "1.60.0"

"@types/node@^24.0.0":
  version "24.12.4"
  resolved "https://registry.yarnpkg.com/@types/node/-/node-24.12.4.tgz#2709745569811dcbdc57c097fafdd387c6330382"
  integrity sha512-GUUEShf+PBCGW2KaXwcIt3Yk+e3pkKwWKb9GSyM9WQVE+ep2jzmHdGsHzu4wgcZy5fN9FBdVzjpBQsYlpfpgLA==
  dependencies:
    undici-types "~7.16.0"

bpmn-moddle@9.0.4:
  version "9.0.4"
  resolved "https://registry.yarnpkg.com/bpmn-moddle/-/bpmn-moddle-9.0.4.tgz#66728c355a777b857f0f4da6f5b36dcd7c42b7fc"
  integrity sha512-dr5s3vtOG8NkVSwa8CC55XBIKKwajomSZRb0RiMOOOF6TpqZBZvtbDjpzWICvdd/plDF6uOtaRfSgblPQLAioQ==
  dependencies:
    min-dash "^4.2.1"
    moddle "^7.0.0"
    moddle-xml "^11.0.0"

fsevents@2.3.2:
  version "2.3.2"
  resolved "https://registry.yarnpkg.com/fsevents/-/fsevents-2.3.2.tgz#8a526f78b8fdf4623b709e0b975c52c24c02fd1a"
  integrity sha512-xiqMQR4xAeHTuB9uWm+fFRcIOgKBMiOBP+eXiyT7jsgVCq1bkVygt00oASowB7EdtpOHaaPgKt812P9ab+DDKA==

min-dash@^4.0.0, min-dash@^4.2.1:
  version "4.2.3"
  resolved "https://registry.yarnpkg.com/min-dash/-/min-dash-4.2.3.tgz#936f73a5e00036799134d48d807ff8a09af2835b"
  integrity sha512-VLMYQI5+FcD9Ad24VcB08uA83B07OhueAlZ88jBK6PyupTvEJwllTMUqMy0wPGYs7pZUEtEEMWdHB63m3LtEcg==

moddle-xml@^11.0.0:
  version "11.0.0"
  resolved "https://registry.yarnpkg.com/moddle-xml/-/moddle-xml-11.0.0.tgz#4f6084e7bc09181844f292b795e8752eac93eb9a"
  integrity sha512-L3Sseepfcq9Uy0iIfqEDTXSoYLva1Y/JGbN/4AMOeQ6cqbu8Ma/SDJIdOFm7smsAa64j2z3SwCGG3FIilQVnUg==
  dependencies:
    min-dash "^4.0.0"
    saxen "^10.0.0"

moddle@^7.0.0:
  version "7.2.0"
  resolved "https://registry.yarnpkg.com/moddle/-/moddle-7.2.0.tgz#7b7d6ba2d4c9196d898ded8d13540e30a8db025b"
  integrity sha512-x1+JREThy7JBOBR3g2hbOnOfrlC/YAWXX9RzrSZS5HhqeuBly9H/PCtOBtcQs+Y2sjRAXF+WTNSgHvn8Uq+6Yw==
  dependencies:
    min-dash "^4.2.1"

playwright-core@1.60.0:
  version "1.60.0"
  resolved "https://registry.yarnpkg.com/playwright-core/-/playwright-core-1.60.0.tgz#24e0d9cc4730713db5dffcace29b5e4696b1907a"
  integrity sha512-9bW6zvX/m0lEbgTKJ6YppOKx8H3VOPBMOCFh2irXFOT4BbHgrx5hPjwJYLT40Lu+4qtD36qKc/Hn56StUW57IA==

playwright@1.60.0:
  version "1.60.0"
  resolved "https://registry.yarnpkg.com/playwright/-/playwright-1.60.0.tgz#89710863a51f21112633ef8b6b182594d3bfd7b5"
  integrity sha512-hheHdokM8cdqCb0lcE3s+zT4t4W+vvjpGxsZlDnikarzx8tSzMebh3UiFtgqwFwnTnjYQcsyMF8ei2mCO/tpeA==
  dependencies:
    playwright-core "1.60.0"
  optionalDependencies:
    fsevents "2.3.2"

saxen@^10.0.0:
  version "10.0.0"
  resolved "https://registry.yarnpkg.com/saxen/-/saxen-10.0.0.tgz#d7d235bcea1b461c6aab8cb413e0e115304f1c9c"
  integrity sha512-RXsmWok/SAWqOG/f5ADEz51DN9WtZEzqih3e08ranldcaXekxjx8NBKjGh/y5hlowjo0JH/LekBu6gtPFD1G6g==

typescript@^6.0.3:
  version "6.0.3"
  resolved "https://registry.yarnpkg.com/typescript/-/typescript-6.0.3.tgz#90251dc007916e972786cb94d74d15b185577d21"
  integrity sha512-y2TvuxSZPDyQakkFRPZHKFm+KKVqIisdg9/CZwm9ftvKXLP8NRWj38/ODjNbr43SsoXqNuAisEf1GdCxqWcdBw==

undici-types@~7.16.0:
  version "7.16.0"
  resolved "https://registry.yarnpkg.com/undici-types/-/undici-types-7.16.0.tgz#ffccdff36aea4884cbfce9a750a0580224f58a46"
  integrity sha512-Zz+aZWSj8LE6zoxD+xrjh4VfkIG8Ya6LvYkZqtUQGJPZjYl53ypCaUwWqo7eI0x66KBGeRo+mlBEkMSeSZ38Nw==

xmllint-wasm@^5.2.0:
  version "5.2.0"
  resolved "https://registry.yarnpkg.com/xmllint-wasm/-/xmllint-wasm-5.2.0.tgz#b19867a8a52ceac7bd25a32691206b025504fd95"
  integrity sha512-GVMuR3ViU8R7sakcVm/4GClMtCV8p7xgjXZlc6GmvPpInIz4V41lmRnjSd4uKhVkf5MZj97wEZkPM4RMAhojuQ==
